
Microsoft Visual Studio Solution File, Format Version 12.00
# Visual Studio Version 17
VisualStudioVersion = 17.3.32901.215
MinimumVisualStudioVersion = 10.0.40219.1
Project("{FAE04EC0-301F-11D3-BF4B-00C04F79EFBC}") = "LAB3-свой тип", "LAB3-свой тип.csproj", "{548B8C73-CDB3-4660-997D-2621D67AAAAB}"
EndProject
Project("{FAE04EC0-301F-11D3-BF4B-00C04F79EFBC}") = "LAB3-свой типTests", "..\LAB3-свой типTests\LAB3-свой типTests.csproj", "{6D4A3D07-6A11-48FC-A1A6-8E35415EEE75}"
EndProject
Global
	GlobalSection(SolutionConfigurationPlatforms) = preSolution
		Debug|Any CPU = Debug|Any CPU
		Release|Any CPU = Release|Any CPU
	EndGlobalSection
	GlobalSection(ProjectConfigurationPlatforms) = postSolution
		{548B8C73-CDB3-4660-997D-2621D67AAAAB}.Debug|Any CPU.ActiveCfg = Debug|Any CPU
		{548B8C73-CDB3-4660-997D-2621D67AAAAB}.Debug|Any CPU.Build.0 = Debug|Any CPU
		{548B8C73-CDB3-4660-997D-2621D67AAAAB}.Release|Any CPU.ActiveCfg = Release|Any CPU
		{548B8C73-CDB3-4660-997D-2621D67AAAAB}.Release|Any CPU.Build.0 = Release|Any CPU
		{6D4A3D07-6A11-48FC-A1A6-8E35415EEE75}.Debug|Any CPU.ActiveCfg = Debug|Any CPU
		{6D4A3D07-6A11-48FC-A1A6-8E35415EEE75}.Debug|Any CPU.Build.0 = Debug|Any CPU
		{6D4A3D07-6A11-48FC-A1A6-8E35415EEE75}.Release|Any CPU.ActiveCfg = Release|Any CPU
		{6D4A3D07-6A11-48FC-A1A6-8E35415EEE75}.Release|Any CPU.Build.0 = Release|Any CPU
	EndGlobalSection
	GlobalSection(SolutionProperties) = preSolution
		HideSolutionNode = FALSE
	EndGlobalSection
	GlobalSection(ExtensibilityGlobals) = postSolution
		SolutionGuid = {61AD2DA3-5C00-4D70-B7D4-A210BCB70F9B}
	EndGlobalSection
EndGlobal
